# THIS IS AN AUTOGENERATED FILE. DO NOT EDIT THIS FILE DIRECTLY.
# yarn lockfile v1


animate.css@latest:
  version "3.7.0"
  resolved "https://registry.yarnpkg.com/animate.css/-/animate.css-3.7.0.tgz#5de25d1ee5fba11ba6a1e2c4fa568f512eb7d4da"
  integrity sha512-u3iMXDJr0cxMdQocIciDiou9Au4L5f9uT+/jCtprw3s1j3HcfCuI+khF+90Ps2KdsEhM2soF7SXB4WUvI3HlXg==

bootstrap-select@^1.13.1:
  version "1.13.8"
  resolved "https://registry.yarnpkg.com/bootstrap-select/-/bootstrap-select-1.13.8.tgz#c47047410511f6d8a8917a7738d1b03c95717d5d"
  integrity sha512-WF6GJPgb98cv75X6/zoCWUNwM/HPoYKP6JDBryTNDCHMPV9YyMqU7xXncC7Se2M5VAt7kZQ/i2GSYwaf5Q/Z3w==

bootstrap-slider@^10.0.2:
  version "10.6.1"
  resolved "https://registry.yarnpkg.com/bootstrap-slider/-/bootstrap-slider-10.6.1.tgz#d9e4b1c327fa4eafc34a52ec01fc4e58b5266889"
  integrity sha512-lA6SwGr33YcKHtpt0lYjwspc4RCgM2bdrFdHU1U77Lal6gZGjVF/Ii9/Mff0b1dyZ4RvSAzaOlSsuY1d5wCtdA==

bootstrap@^4.1.1:
  version "4.3.1"
  resolved "https://registry.yarnpkg.com/bootstrap/-/bootstrap-4.3.1.tgz#280ca8f610504d99d7b6b4bfc4b68cec601704ac"
  integrity sha512-rXqOmH1VilAt2DyPzluTi2blhk17bO7ef+zLLPlWvG494pDxcM234pJ8wTc/6R40UWizAIIMgxjvxZg5kmsbag==

dropzone@^5.5.1:
  version "5.5.1"
  resolved "https://registry.yarnpkg.com/dropzone/-/dropzone-5.5.1.tgz#06e2f513e61d6aa363d4b556f18574f47cf7ba26"
  integrity sha512-3VduRWLxx9hbVr42QieQN25mx/I61/mRdUSuxAmDGdDqZIN8qtP7tcKMa3KfpJjuGjOJGYYUzzeq6eGDnkzesA==

jquery-parallax.js@^1.5.0:
  version "1.5.0"
  resolved "https://registry.yarnpkg.com/jquery-parallax.js/-/jquery-parallax.js-1.5.0.tgz#4d57f669db2374526bbb6fd595830cecadd3c71f"
  integrity sha512-+SyyADkSloW92ZbqJ53yT8M+36GLI+SFOM32q3NeScEJ32u+YCxrDCmpdZmBjrUcJ/CFYuaq9fRwvhfE5u75ew==
  dependencies:
    jquery ">=1.7"

jquery.cookie@^1.4.1:
  version "1.4.1"
  resolved "https://registry.yarnpkg.com/jquery.cookie/-/jquery.cookie-1.4.1.tgz#d63dce209eab691fe63316db08ca9e47e0f9385b"
  integrity sha1-1j3OIJ6raR/mMxbbCMqeR+D5OFs=

jquery.counterup@^2.1.0:
  version "2.1.0"
  resolved "https://registry.yarnpkg.com/jquery.counterup/-/jquery.counterup-2.1.0.tgz#96665d01460322d6d2320fa9dde3013cc7d12f60"
  integrity sha1-lmZdAUYDItbSMg+p3eMBPMfRL2A=
  dependencies:
    jquery ">=1.5.0"
    waypoints ">=3.0"

jquery.scrollto@^2.1.2:
  version "2.1.2"
  resolved "https://registry.yarnpkg.com/jquery.scrollto/-/jquery.scrollto-2.1.2.tgz#e7580d9c7ac46ef5bb25319483f6f45713fd7c6c"
  integrity sha1-51gNnHrEbvW7JTGUg/b0VxP9fGw=
  dependencies:
    jquery ">=1.8"

jquery@>=1.5.0, jquery@>=1.7, jquery@>=1.8, jquery@>=1.8.0, jquery@>=1.8.3, jquery@^3.3.1:
  version "3.3.1"
  resolved "https://registry.yarnpkg.com/jquery/-/jquery-3.3.1.tgz#958ce29e81c9790f31be7792df5d4d95fc57fbca"
  integrity sha512-Ubldcmxp5np52/ENotGxlLe6aGMvmF4R8S6tZjsP6Knsaxd/xp3Zrh50cG93lR6nPXyUFwzN3ZSOQI0wRJNdGg==

js-cookie@^2.2.0:
  version "2.2.0"
  resolved "https://registry.yarnpkg.com/js-cookie/-/js-cookie-2.2.0.tgz#1b2c279a6eece380a12168b92485265b35b1effb"
  integrity sha1-Gywnmm7s44ChIWi5JIUmWzWx7/s=

load-awesome@^1.1.0:
  version "1.1.0"
  resolved "https://registry.yarnpkg.com/load-awesome/-/load-awesome-1.1.0.tgz#5b99cabb28dfaa55bf4446f658c1badcb68eca98"
  integrity sha1-W5nKuyjfqlW/REb2WMG63LaOypg=

owl.carousel2.thumbs@^0.1.8:
  version "0.1.8"
  resolved "https://registry.yarnpkg.com/owl.carousel2.thumbs/-/owl.carousel2.thumbs-0.1.8.tgz#97da803bd3359969591b73ad4c6b7facf01dcce8"
  integrity sha1-l9qAO9M1mWlZG3OtTGt/rPAdzOg=

owl.carousel@^2.3.4:
  version "2.3.4"
  resolved "https://registry.yarnpkg.com/owl.carousel/-/owl.carousel-2.3.4.tgz#6c53dc8d24304b790e4f27a1dc4a655e973ccdc9"
  integrity sha512-JaDss9+feAvEW8KZppPSpllfposEzQiW+Ytt/Xm5t/3CTJ7YVmkh6RkWixoA2yXk2boIwedYxOvrrppIGzru9A==
  dependencies:
    jquery ">=1.8.3"

parsleyjs@^2.8.1:
  version "2.8.2"
  resolved "https://registry.yarnpkg.com/parsleyjs/-/parsleyjs-2.8.2.tgz#118dc4945f9f5d49db753cd9f8fec289e6230e81"
  integrity sha512-c4CIoHyI+O5zKuvIOqsCJR0KlvwU/HQsAB1IxVMpH1mIQI0vh4IYWz9u9XRXvHRZ9Xdiryu71/7SgUei6L5Ryg==
  dependencies:
    jquery ">=1.8.0"

popper.js@^1.14.3:
  version "1.14.7"
  resolved "https://registry.yarnpkg.com/popper.js/-/popper.js-1.14.7.tgz#e31ec06cfac6a97a53280c3e55e4e0c860e7738e"
  integrity sha512-4q1hNvoUre/8srWsH7hnoSJ5xVmIL4qgz+s4qf2TnJIMyZFUFMGH+9vE7mXynAlHSZ/NdTmmow86muD0myUkVQ==

waypoints@>=3.0, waypoints@^4.0.1:
  version "4.0.1"
  resolved "https://registry.yarnpkg.com/waypoints/-/waypoints-4.0.1.tgz#09979a0573810b29627cba4366a284a062ec69c8"
  integrity sha1-CZeaBXOBCylifLpDZqKEoGLsacg=

wowjs@^1.1.3:
  version "1.1.3"
  resolved "https://registry.yarnpkg.com/wowjs/-/wowjs-1.1.3.tgz#440fc1bb4c7e896840ee47972296a2b59075acbd"
  integrity sha1-RA/Bu0x+iWhA7keXIpaitZB1rL0=
  dependencies:
    animate.css latest
