# This file is generated by running "yarn install" inside your project.
# Manual changes might be lost - proceed with caution!

__metadata:
  version: 5
  cacheKey: 8

"RS_Server@workspace:.":
  version: 0.0.0-use.local
  resolution: "RS_Server@workspace:."
  dependencies:
    bootstrap: ^4.6.1
    bootstrap-select: ^1.13.18
    bootstrap-slider: ^10.6.2
    cookieconsent: 3.1.1
    dropzone: ^5.9.3
    jquery: ^3.6.0
    jquery-parallax.js: ^1.5.0
    jquery.cookie: ^1.4.1
    jquery.counterup: ^2.1.0
    jquery.scrollto: ^2.1.3
    js-cookie: ^2.2.1
    load-awesome: ^1.1.0
    owl.carousel: ^2.3.4
    owl.carousel2.thumbs: ^0.1.8
    parsleyjs: ^2.9.2
    popper.js: ^1.16.1
    waypoints: ^4.0.1
    wowjs: ^1.1.3
  languageName: unknown
  linkType: soft

animate.css@latest:
  version: 3.7.2
  resolution: "animate.css@npm:3.7.2"
  checksum: 7262dfe8fb7929c5c296b20e2a6d8d302bd80c02cb8ccf4cf751b7b142aea5c013d0b942aada5775991dd87f041f5a023135ba86110a0619ef3001913fb1afec
  languageName: node
  linkType: hard

"bootstrap-select@npm:^1.13.18":
  version: 1.13.18
  resolution: "bootstrap-select@npm:1.13.18"
  peerDependencies:
    bootstrap: ">=3.0.0"
    jquery: 1.9.1 - 3
  checksum: b81e977c3b8837ce7125f0050e15343aa2a59a70b8df3e40c843c35f3bb07000a1977a04f19e56d44d06093106427293433f84c1da6f83e96257f62642137530
  languageName: node
  linkType: hard

"bootstrap-slider@npm:^10.6.2":
  version: 10.6.2
  resolution: "bootstrap-slider@npm:10.6.2"
  checksum: 7a4853a188029b4ff463d408a649d934d16128da33028d9ae523d9bbd0a9eec6c49777a16399e4e333dd54bed8a5224bc478f815f339212e02dad487d804dbab
  languageName: node
  linkType: hard

"bootstrap@npm:^4.6.1":
  version: 4.6.1
  resolution: "bootstrap@npm:4.6.1"
  peerDependencies:
    jquery: 1.9.1 - 3
    popper.js: ^1.16.1
  checksum: ff44e13787aafe1e2b8ac77802eae0f19bf957ea53a40ce3d9d4af9b67eab8adc585dc5a62cb6be82a3bc33e7ae67b0efd75f02282c0ddca09272d5c18a0b379
  languageName: node
  linkType: hard

"cookieconsent@npm:3.1.1":
  version: 3.1.1
  resolution: "cookieconsent@npm:3.1.1"
  checksum: fe116972b901011ff03025b9fa9ed96ad8e570853cbb17b4ea86cc7713ab1944b884ebf2ff44f34da8c7f07d0b235b8491cde3327571fdd6f583c961a7694557
  languageName: node
  linkType: hard

"dropzone@npm:^5.9.3":
  version: 5.9.3
  resolution: "dropzone@npm:5.9.3"
  checksum: 7fe7e32ff188ab38bb3ddd468938ef78c158ce4cada8b2184cdd78a1d52fd961af56f1f0bec11a7881aab6d43d7fc9f9a6dc6addbfbea93c1ad784dbc6444e4d
  languageName: node
  linkType: hard

"jquery-parallax.js@npm:^1.5.0":
  version: 1.5.0
  resolution: "jquery-parallax.js@npm:1.5.0"
  dependencies:
    jquery: ">=1.7"
  checksum: 254d4f0ae8e2d29c266972a8d3c6071e16ae4ad40c3f268f386a4732721836527f6c76711b97db0197b5532b37ba22e934518c9a213a7b6d7e73050ff8f642c2
  languageName: node
  linkType: hard

"jquery.cookie@npm:^1.4.1":
  version: 1.4.1
  resolution: "jquery.cookie@npm:1.4.1"
  checksum: bcb1335f47ef5c19613b45de7e53a0df90f36b9c23a4cd37ef0d81e4ca7f0da72197ad3c347bc24037f110e9b2e4dbe708b3a3f27046f599e108a2d63859655c
  languageName: node
  linkType: hard

"jquery.counterup@npm:^2.1.0":
  version: 2.1.0
  resolution: "jquery.counterup@npm:2.1.0"
  dependencies:
    jquery: ">=1.5.0"
    waypoints: ">=3.0"
  checksum: 3f6e88fd8f47efe4d6c662cf6aca48fa8ce34037640771e8fd4c6034e682da7031b612446106fc36dd1bbd1fcd7bd1fc53de0d6f20596330750574e9771f86ef
  languageName: node
  linkType: hard

"jquery.scrollto@npm:^2.1.3":
  version: 2.1.3
  resolution: "jquery.scrollto@npm:2.1.3"
  dependencies:
    jquery: ">=1.8"
  checksum: 97810def787bc06f3659363b5ec07e3526c28533e34fdc77f31bdaa2d4c362302cd9734b8f89c6a756efbfc643cbcf21d7145d8bc411e7094d1a2e86f527e734
  languageName: node
  linkType: hard

"jquery@npm:>=1.5.0, jquery@npm:>=1.7, jquery@npm:>=1.8, jquery@npm:>=1.8.0, jquery@npm:>=1.8.3":
  version: 3.4.1
  resolution: "jquery@npm:3.4.1"
  checksum: bcd23da10fb4f39cc8609e71e7a5169f368a2ba81ef4e146826466935c9a448ada70582928aa473430c4238e5b2c32e97a43fc9de372de00d075d5ad1629e15a
  languageName: node
  linkType: hard

"jquery@npm:^3.6.0":
  version: 3.6.0
  resolution: "jquery@npm:3.6.0"
  checksum: 8fd5fef4aa48fd374ec716dd1c1df1af407814a228e15c1260ca140de3a697c2a77c30c54ff1d238b6a3ab4ddc445ddeef9adce6c6d28e4869d85eb9d3951c0e
  languageName: node
  linkType: hard

"js-cookie@npm:^2.2.1":
  version: 2.2.1
  resolution: "js-cookie@npm:2.2.1"
  checksum: 9b1fb980a1c5e624fd4b28ea4867bb30c71e04c4484bb3a42766344c533faa684de9498e443425479ec68609e96e27b60614bfe354877c449c631529b6d932f2
  languageName: node
  linkType: hard

"load-awesome@npm:^1.1.0":
  version: 1.1.0
  resolution: "load-awesome@npm:1.1.0"
  checksum: f91ad1b6d83f7df851805e16263dcf4dc1c800c3cc75ce2271f7df10e93b3eb9e6842c34acddb91e9b458a799c4e3d7acc5633547f9e333f527b81cb35e0d4ed
  languageName: node
  linkType: hard

"owl.carousel2.thumbs@npm:^0.1.8":
  version: 0.1.8
  resolution: "owl.carousel2.thumbs@npm:0.1.8"
  checksum: e385bffa813fd5c97ffa2f19ef76e4fce5e2adac78ed9e247e367b0164c8ae60e8813132c34fbb9ef7356ca3c31556522a510ecd47336717611865a059cde63a
  languageName: node
  linkType: hard

"owl.carousel@npm:^2.3.4":
  version: 2.3.4
  resolution: "owl.carousel@npm:2.3.4"
  dependencies:
    jquery: ">=1.8.3"
  checksum: fb28a3373c273d7210bf97739bcb35bfd552afa4e2541d4fc66f19cf1d253136cda927c60162a961902a72bd31dccc6c18084fc9a676d210356bb15677d6d571
  languageName: node
  linkType: hard

"parsleyjs@npm:^2.9.2":
  version: 2.9.2
  resolution: "parsleyjs@npm:2.9.2"
  dependencies:
    jquery: ">=1.8.0"
  checksum: 259eab31084f4a294acda2690901bcf0aa5b4ecd6c0211fdf7116914d7888faec5cbd04c3bc59a36e2128bbd7b3bdf8b00820a5f7886614fad4e49997afb8d27
  languageName: node
  linkType: hard

"popper.js@npm:^1.16.1":
  version: 1.16.1
  resolution: "popper.js@npm:1.16.1"
  checksum: c56ae5001ec50a77ee297a8061a0221d99d25c7348d2e6bcd3e45a0d0f32a1fd81bca29d46cb0d4bdf13efb77685bd6a0ce93f9eb3c608311a461f945fffedbe
  languageName: node
  linkType: hard

"waypoints@npm:>=3.0, waypoints@npm:^4.0.1":
  version: 4.0.1
  resolution: "waypoints@npm:4.0.1"
  checksum: 0549b20be80202fbe8d1a5a736c1ee978aa48b56ba46b2e8e4a93fe4b4e2098b1fbbf8411f93965a415ed95294130fa4b3491f93e4d92c8af3ab377fff993788
  languageName: node
  linkType: hard

"wowjs@npm:^1.1.3":
  version: 1.1.3
  resolution: "wowjs@npm:1.1.3"
  dependencies:
    animate.css: latest
  checksum: 1425b9f7373300491545f962654c06891b7233b67a7ea723944a53d3d3dc9734dc3c63620b6cc089e1d46d5540d3c6a1ab3603ba541e353fe404b917311dd82a
  languageName: node
  linkType: hard
