# This file is generated by running "yarn install" inside your project.
# Manual changes might be lost - proceed with caution!

__metadata:
  version: 6
  cacheKey: 8

"@foliojs-fork/fontkit@npm:^1.9.2":
  version: 1.9.2
  resolution: "@foliojs-fork/fontkit@npm:1.9.2"
  dependencies:
    "@foliojs-fork/restructure": ^2.0.2
    brotli: ^1.2.0
    clone: ^1.0.4
    deep-equal: ^1.0.0
    dfa: ^1.2.0
    tiny-inflate: ^1.0.2
    unicode-properties: ^1.2.2
    unicode-trie: ^2.0.0
  checksum: 9a10990b0845015e0297663195372090bf46ddde9168159968ee93bd4bce957d4714236822aa6d8200d0d86c4475d2f85b1bfb51a3a27e3b956ab82c263d712a
  languageName: node
  linkType: hard

"@foliojs-fork/linebreak@npm:^1.1.1, @foliojs-fork/linebreak@npm:^1.1.2":
  version: 1.1.2
  resolution: "@foliojs-fork/linebreak@npm:1.1.2"
  dependencies:
    base64-js: 1.3.1
    unicode-trie: ^2.0.0
  checksum: a3a8b9f264f06fe46fe19a691a4eb4116d3c0847846a2fcb01290a9b6ca925ca724122c364cf704d28b84012de17937863a0cb8f907f940deeaeb3cf8f2ced41
  languageName: node
  linkType: hard

"@foliojs-fork/pdfkit@npm:^0.15.3":
  version: 0.15.3
  resolution: "@foliojs-fork/pdfkit@npm:0.15.3"
  dependencies:
    "@foliojs-fork/fontkit": ^1.9.2
    "@foliojs-fork/linebreak": ^1.1.1
    crypto-js: ^4.2.0
    jpeg-exif: ^1.1.4
    png-js: ^1.0.0
  checksum: cbd6cb42f14dad789af564096855d57440600b9ada47de750b3d2f81c4bf9e1739e483483ae5aaed601f845465ab68b0a7c6d5934dbe7d5c872846e196e05d1a
  languageName: node
  linkType: hard

"@foliojs-fork/restructure@npm:^2.0.2":
  version: 2.0.2
  resolution: "@foliojs-fork/restructure@npm:2.0.2"
  checksum: f18877a81ff51acb518ea63da0d4269e85c65db94012d11bc713f8537a7864ac4437d6ea965c1191781ff9df79118aa5c9d4a7d8f389130ee076baf2b487f300
  languageName: node
  linkType: hard

"@fortawesome/fontawesome-free@npm:5.5.0":
  version: 5.5.0
  resolution: "@fortawesome/fontawesome-free@npm:5.5.0"
  checksum: 3e282298daf632df9a7d841ea870122ac444b28c94567ab60c659dd24a744cd5425eefb7118d3e1b0f9533011165635a6374cfbc7d9d6cc5dbc3108362735c72
  languageName: node
  linkType: hard

"RS_Server@workspace:.":
  version: 0.0.0-use.local
  resolution: "RS_Server@workspace:."
  dependencies:
    "@fortawesome/fontawesome-free": 5.5.0
    bootstrap: ^4.6.1
    bootstrap-select: ^1.13.18
    bootstrap-slider: ^10.6.2
    cookieconsent: 3.1.1
    datatables.net: 1.11.3
    datatables.net-bs4: 1.11.3
    datatables.net-buttons: 1.5.4
    datatables.net-buttons-bs4: 1.5.4
    datatables.net-colreorder: 1.5.0
    datatables.net-colreorder-bs4: 1.5.0
    datatables.net-responsive: 2.2.2
    datatables.net-responsive-bs4: 2.2.2
    datatables.net-rowreorder: 1.2.4
    datatables.net-rowreorder-bs4: 1.2.4
    dropzone: ^5.9.3
    jquery: ^3.6.0
    jquery-parallax.js: ^1.5.0
    jquery.cookie: ^1.4.1
    jquery.counterup: ^2.1.0
    jquery.scrollto: ^2.1.3
    js-cookie: 3.0.7
    jszip: 3.8.0
    load-awesome: ^1.1.0
    owl.carousel: ^2.3.4
    owl.carousel2.thumbs: ^0.1.8
    parsleyjs: ^2.9.2
    pdfmake: 0.2.20
    popper.js: ^1.16.1
    typeface-roboto: 0.0.75
    waypoints: ^4.0.1
    wowjs: ^1.1.3
  languageName: unknown
  linkType: soft

animate.css@latest:
  version: 3.7.2
  resolution: "animate.css@npm:3.7.2"
  checksum: 7262dfe8fb7929c5c296b20e2a6d8d302bd80c02cb8ccf4cf751b7b142aea5c013d0b942aada5775991dd87f041f5a023135ba86110a0619ef3001913fb1afec
  languageName: node
  linkType: hard

"async-function@npm:^1.0.0":
  version: 1.0.0
  resolution: "async-function@npm:1.0.0"
  checksum: 9102e246d1ed9b37ac36f57f0a6ca55226876553251a31fc80677e71471f463a54c872dc78d5d7f80740c8ba624395cccbe8b60f7b690c4418f487d8e9fd1106
  languageName: node
  linkType: hard

"async-generator-function@npm:^1.0.0":
  version: 1.0.0
  resolution: "async-generator-function@npm:1.0.0"
  checksum: 74a71a4a2dd7afd06ebb612f6d612c7f4766a351bedffde466023bf6dae629e46b0d2cd38786239e0fbf245de0c7df76035465e16d1213774a0efb22fec0d713
  languageName: node
  linkType: hard

"base64-js@npm:1.3.1":
  version: 1.3.1
  resolution: "base64-js@npm:1.3.1"
  checksum: 957b9ced0ea1b39588a117193f801b045a5fb2d6f1b9943dd304bcad46e5681bf837fe092105692b11653658e8443764139d6b11d3c4037093b96e8db4e1dbb2
  languageName: node
  linkType: hard

"base64-js@npm:^1.1.2, base64-js@npm:^1.3.0":
  version: 1.5.1
  resolution: "base64-js@npm:1.5.1"
  checksum: 669632eb3745404c2f822a18fc3a0122d2f9a7a13f7fb8b5823ee19d1d2ff9ee5b52c53367176ea4ad093c332fd5ab4bd0ebae5a8e27917a4105a4cfc86b1005
  languageName: node
  linkType: hard

"bootstrap-select@npm:^1.13.18":
  version: 1.13.18
  resolution: "bootstrap-select@npm:1.13.18"
  peerDependencies:
    bootstrap: ">=3.0.0"
    jquery: 1.9.1 - 3
  checksum: b81e977c3b8837ce7125f0050e15343aa2a59a70b8df3e40c843c35f3bb07000a1977a04f19e56d44d06093106427293433f84c1da6f83e96257f62642137530
  languageName: node
  linkType: hard

"bootstrap-slider@npm:^10.6.2":
  version: 10.6.2
  resolution: "bootstrap-slider@npm:10.6.2"
  checksum: 7a4853a188029b4ff463d408a649d934d16128da33028d9ae523d9bbd0a9eec6c49777a16399e4e333dd54bed8a5224bc478f815f339212e02dad487d804dbab
  languageName: node
  linkType: hard

"bootstrap@npm:^4.6.1":
  version: 4.6.1
  resolution: "bootstrap@npm:4.6.1"
  peerDependencies:
    jquery: 1.9.1 - 3
    popper.js: ^1.16.1
  checksum: ff44e13787aafe1e2b8ac77802eae0f19bf957ea53a40ce3d9d4af9b67eab8adc585dc5a62cb6be82a3bc33e7ae67b0efd75f02282c0ddca09272d5c18a0b379
  languageName: node
  linkType: hard

"brotli@npm:^1.2.0":
  version: 1.3.3
  resolution: "brotli@npm:1.3.3"
  dependencies:
    base64-js: ^1.1.2
  checksum: 2c97329f4ccb8e4332cedd2f63b85c2e15ffb305b1cbf046df86201434caf93cb7992ca73c0f7053b6a1417f595069ec7783c26e01510cefc10035a0f466e594
  languageName: node
  linkType: hard

"browserify-zlib@npm:^0.2.0":
  version: 0.2.0
  resolution: "browserify-zlib@npm:0.2.0"
  dependencies:
    pako: ~1.0.5
  checksum: 5cd9d6a665190fedb4a97dfbad8dabc8698d8a507298a03f42c734e96d58ca35d3c7d4085e283440bbca1cd1938cff85031728079bedb3345310c58ab1ec92d6
  languageName: node
  linkType: hard

"call-bind-apply-helpers@npm:^1.0.1, call-bind-apply-helpers@npm:^1.0.2":
  version: 1.0.2
  resolution: "call-bind-apply-helpers@npm:1.0.2"
  dependencies:
    es-errors: ^1.3.0
    function-bind: ^1.1.2
  checksum: b2863d74fcf2a6948221f65d95b91b4b2d90cfe8927650b506141e669f7d5de65cea191bf788838bc40d13846b7886c5bc5c84ab96c3adbcf88ad69a72fcdc6b
  languageName: node
  linkType: hard

"call-bind@npm:^1.0.7, call-bind@npm:^1.0.8":
  version: 1.0.9
  resolution: "call-bind@npm:1.0.9"
  dependencies:
    call-bind-apply-helpers: ^1.0.2
    es-define-property: ^1.0.1
    get-intrinsic: ^1.3.0
    set-function-length: ^1.2.2
  checksum: fb5a8037bd7e2417ebda428f7ba57cbb3152e92f355aa8a20a4b2be9657f67b84e3812502620047ccf12c6542584a7d5bfb8d080cb636eb178b270bec0bfc010
  languageName: node
  linkType: hard

"call-bound@npm:^1.0.2":
  version: 1.0.4
  resolution: "call-bound@npm:1.0.4"
  dependencies:
    call-bind-apply-helpers: ^1.0.2
    get-intrinsic: ^1.3.0
  checksum: 2f6399488d1c272f56306ca60ff696575e2b7f31daf23bc11574798c84d9f2759dceb0cb1f471a85b77f28962a7ac6411f51d283ea2e45319009a19b6ccab3b2
  languageName: node
  linkType: hard

"clone@npm:^1.0.4":
  version: 1.0.4
  resolution: "clone@npm:1.0.4"
  checksum: d06418b7335897209e77bdd430d04f882189582e67bd1f75a04565f3f07f5b3f119a9d670c943b6697d0afb100f03b866b3b8a1f91d4d02d72c4ecf2bb64b5dd
  languageName: node
  linkType: hard

"cookieconsent@npm:3.1.1":
  version: 3.1.1
  resolution: "cookieconsent@npm:3.1.1"
  checksum: fe116972b901011ff03025b9fa9ed96ad8e570853cbb17b4ea86cc7713ab1944b884ebf2ff44f34da8c7f07d0b235b8491cde3327571fdd6f583c961a7694557
  languageName: node
  linkType: hard

"core-util-is@npm:~1.0.0":
  version: 1.0.3
  resolution: "core-util-is@npm:1.0.3"
  checksum: 9de8597363a8e9b9952491ebe18167e3b36e7707569eed0ebf14f8bba773611376466ae34575bca8cfe3c767890c859c74056084738f09d4e4a6f902b2ad7d99
  languageName: node
  linkType: hard

"crypto-js@npm:^4.2.0":
  version: 4.2.0
  resolution: "crypto-js@npm:4.2.0"
  checksum: f051666dbc077c8324777f44fbd3aaea2986f198fe85092535130d17026c7c2ccf2d23ee5b29b36f7a4a07312db2fae23c9094b644cc35f7858b1b4fcaf27774
  languageName: node
  linkType: hard

"datatables.net-bs4@npm:1.11.3":
  version: 1.11.3
  resolution: "datatables.net-bs4@npm:1.11.3"
  dependencies:
    datatables.net: ">=1.10.25"
    jquery: ">=1.7"
  checksum: 9a0a823755bcfe49961ae5b99976b509c9d77c4f77110bb9db9d75795dc06b974a2c2c7cc4b20386e7639992cf545cc2f84f5e102df0ce4083d174136dca65f8
  languageName: node
  linkType: hard

"datatables.net-buttons-bs4@npm:1.5.4":
  version: 1.5.4
  resolution: "datatables.net-buttons-bs4@npm:1.5.4"
  dependencies:
    datatables.net-bs4: ^1.10.15
    datatables.net-buttons: 1.5.4
    jquery: ">=1.7"
  checksum: 95a7f08236ffc2ab3c7e9a48882bbcbc614476886a5a37fa5ded26426f224f5fed8199e9080098f356844b247e4cd9f1ea3aaee003c91713f4599b2c9a65d936
  languageName: node
  linkType: hard

"datatables.net-buttons@npm:1.5.4":
  version: 1.5.4
  resolution: "datatables.net-buttons@npm:1.5.4"
  dependencies:
    datatables.net: ^1.10.15
    jquery: ">=1.7"
  checksum: f6a05fc10db3d119ef00752fcc4be484578bce1c1a24810d9e248f071c8d43f71c8983364cac5db1bca2ddc6dc4ebdae3464a654ea5437bfc9046a737aba7a52
  languageName: node
  linkType: hard

"datatables.net-colreorder-bs4@npm:1.5.0":
  version: 1.5.0
  resolution: "datatables.net-colreorder-bs4@npm:1.5.0"
  dependencies:
    datatables.net-bs4: ^1.10.15
    datatables.net-colreorder: 1.5.0
    jquery: ">=1.7"
  checksum: daab9e107248e5fecc5135fd601dfdffa766d7757f82750666c9a1efa923ec2b567bae004497df1172d0952d5d6a474e477c8246de555636f843862374c29756
  languageName: node
  linkType: hard

"datatables.net-colreorder@npm:1.5.0":
  version: 1.5.0
  resolution: "datatables.net-colreorder@npm:1.5.0"
  dependencies:
    datatables.net: ^1.10.15
    jquery: ">=1.7"
  checksum: 43ae943d2b7286bc4861558874d278fcecf396a0019df42d7fe2114d16598099e00c0226046cc83e660b5336afc2050b16bd4b425136070b85210f888a797fbe
  languageName: node
  linkType: hard

"datatables.net-responsive-bs4@npm:2.2.2":
  version: 2.2.2
  resolution: "datatables.net-responsive-bs4@npm:2.2.2"
  dependencies:
    datatables.net-bs4: ^1.10.15
    datatables.net-responsive: 2.2.2
    jquery: ">=1.7"
  checksum: e9d8f8afca2f5f907250685436e1c5f65ae2bb7bd86b27120dbad7ae91e0dae67f5262c28689c8225a72e9be5be5811b32f16a88dd9646bc32afb46c462d732e
  languageName: node
  linkType: hard

"datatables.net-responsive@npm:2.2.2":
  version: 2.2.2
  resolution: "datatables.net-responsive@npm:2.2.2"
  dependencies:
    datatables.net: ^1.10.15
    jquery: ">=1.7"
  checksum: 873f192b9eca4039798ceb88d595ecbeff05b7315533d34617424af483fb1229121171038e296c2e26a0cddb8836ef3fe90597fe302baac4070bdce329e9e343
  languageName: node
  linkType: hard

"datatables.net-rowreorder-bs4@npm:1.2.4":
  version: 1.2.4
  resolution: "datatables.net-rowreorder-bs4@npm:1.2.4"
  dependencies:
    datatables.net-bs4: ^1.10.15
    datatables.net-rowreorder: 1.2.4
    jquery: ">=1.7"
  checksum: 9d476e1e33738af86e9c783dfc55506ed19e2b974d47488be173846059544f6b8f2b5d7ae48e9fdfc3f06afc71dde7ac7240d354d49ac55b0ebac10af9f96309
  languageName: node
  linkType: hard

"datatables.net-rowreorder@npm:1.2.4":
  version: 1.2.4
  resolution: "datatables.net-rowreorder@npm:1.2.4"
  dependencies:
    datatables.net: ^1.10.15
    jquery: ">=1.7"
  checksum: 58d59ef9547bd8b6f74b4d1391a1baac26bd9f9f6246e3a3f399b7628f3dcf2fa45402ea9f6bd07776dd8fc7707acd0925a35dca6d8e231485b1b01e292401a5
  languageName: node
  linkType: hard

"datatables.net@npm:1.11.3":
  version: 1.11.3
  resolution: "datatables.net@npm:1.11.3"
  dependencies:
    jquery: ">=1.7"
  checksum: 0bed39cee15d00d6776f5c1aba31fafcb7351863683a656d168699297d2c5c5d0e97bfb690393a0a0393fc27b9e6c4ea8f8701190d746ab59d33e60441c6434b
  languageName: node
  linkType: hard

"deep-equal@npm:^1.0.0":
  version: 1.1.2
  resolution: "deep-equal@npm:1.1.2"
  dependencies:
    is-arguments: ^1.1.1
    is-date-object: ^1.0.5
    is-regex: ^1.1.4
    object-is: ^1.1.5
    object-keys: ^1.1.1
    regexp.prototype.flags: ^1.5.1
  checksum: 2d50f27fff785fb272cdef038ee5365ee5a30ab1aab053976e6a6add44cc60abd99b38179a46a01ac52c5e54ebb220e8f1a3a1954da20678b79c46ef4d97c9db
  languageName: node
  linkType: hard

"define-data-property@npm:^1.0.1, define-data-property@npm:^1.1.4":
  version: 1.1.4
  resolution: "define-data-property@npm:1.1.4"
  dependencies:
    es-define-property: ^1.0.0
    es-errors: ^1.3.0
    gopd: ^1.0.1
  checksum: 8068ee6cab694d409ac25936eb861eea704b7763f7f342adbdfe337fc27c78d7ae0eff2364b2917b58c508d723c7a074326d068eef2e45c4edcd85cf94d0313b
  languageName: node
  linkType: hard

"define-properties@npm:^1.2.1":
  version: 1.2.1
  resolution: "define-properties@npm:1.2.1"
  dependencies:
    define-data-property: ^1.0.1
    has-property-descriptors: ^1.0.0
    object-keys: ^1.1.1
  checksum: b4ccd00597dd46cb2d4a379398f5b19fca84a16f3374e2249201992f36b30f6835949a9429669ee6b41b6e837205a163eadd745e472069e70dfc10f03e5fcc12
  languageName: node
  linkType: hard

"dfa@npm:^1.2.0":
  version: 1.2.0
  resolution: "dfa@npm:1.2.0"
  checksum: 83b954b856a4a0c4282550a35532ac66dfc6362a08500a4b09c0d7a306c6813cbf50cc18d81bf8997d98559fc2675df89f6ece255d92517cc46f6bf8ef5ff727
  languageName: node
  linkType: hard

"dropzone@npm:^5.9.3":
  version: 5.9.3
  resolution: "dropzone@npm:5.9.3"
  checksum: 7fe7e32ff188ab38bb3ddd468938ef78c158ce4cada8b2184cdd78a1d52fd961af56f1f0bec11a7881aab6d43d7fc9f9a6dc6addbfbea93c1ad784dbc6444e4d
  languageName: node
  linkType: hard

"dunder-proto@npm:^1.0.1":
  version: 1.0.1
  resolution: "dunder-proto@npm:1.0.1"
  dependencies:
    call-bind-apply-helpers: ^1.0.1
    es-errors: ^1.3.0
    gopd: ^1.2.0
  checksum: 149207e36f07bd4941921b0ca929e3a28f1da7bd6b6ff8ff7f4e2f2e460675af4576eeba359c635723dc189b64cdd4787e0255897d5b135ccc5d15cb8685fc90
  languageName: node
  linkType: hard

"es-define-property@npm:^1.0.0, es-define-property@npm:^1.0.1":
  version: 1.0.1
  resolution: "es-define-property@npm:1.0.1"
  checksum: 0512f4e5d564021c9e3a644437b0155af2679d10d80f21adaf868e64d30efdfbd321631956f20f42d655fedb2e3a027da479fad3fa6048f768eb453a80a5f80a
  languageName: node
  linkType: hard

"es-errors@npm:^1.3.0":
  version: 1.3.0
  resolution: "es-errors@npm:1.3.0"
  checksum: ec1414527a0ccacd7f15f4a3bc66e215f04f595ba23ca75cdae0927af099b5ec865f9f4d33e9d7e86f512f252876ac77d4281a7871531a50678132429b1271b5
  languageName: node
  linkType: hard

"es-object-atoms@npm:^1.0.0, es-object-atoms@npm:^1.1.1":
  version: 1.1.2
  resolution: "es-object-atoms@npm:1.1.2"
  dependencies:
    es-errors: ^1.3.0
  checksum: b821f39e4f48bd85b13fee80aea9068a674bcb78b95ff01267aa4da1111f83e6944049b3329b2ffdb3acaa266fb5b8b885476fe8cada05034dc7c87c8016c86d
  languageName: node
  linkType: hard

"function-bind@npm:^1.1.2":
  version: 1.1.2
  resolution: "function-bind@npm:1.1.2"
  checksum: 2b0ff4ce708d99715ad14a6d1f894e2a83242e4a52ccfcefaee5e40050562e5f6dafc1adbb4ce2d4ab47279a45dc736ab91ea5042d843c3c092820dfe032efb1
  languageName: node
  linkType: hard

"functions-have-names@npm:^1.2.3":
  version: 1.2.3
  resolution: "functions-have-names@npm:1.2.3"
  checksum: c3f1f5ba20f4e962efb71344ce0a40722163e85bee2101ce25f88214e78182d2d2476aa85ef37950c579eb6cf6ee811c17b3101bb84004bb75655f3e33f3fdb5
  languageName: node
  linkType: hard

"generator-function@npm:^2.0.0":
  version: 2.0.1
  resolution: "generator-function@npm:2.0.1"
  checksum: 3bf87f7b0230de5d74529677e6c3ceb3b7b5d9618b5a22d92b45ce3876defbaf5a77791b25a61b0fa7d13f95675b5ff67a7769f3b9af33f096e34653519e873d
  languageName: node
  linkType: hard

"get-intrinsic@npm:^1.2.4, get-intrinsic@npm:^1.3.0":
  version: 1.3.1
  resolution: "get-intrinsic@npm:1.3.1"
  dependencies:
    async-function: ^1.0.0
    async-generator-function: ^1.0.0
    call-bind-apply-helpers: ^1.0.2
    es-define-property: ^1.0.1
    es-errors: ^1.3.0
    es-object-atoms: ^1.1.1
    function-bind: ^1.1.2
    generator-function: ^2.0.0
    get-proto: ^1.0.1
    gopd: ^1.2.0
    has-symbols: ^1.1.0
    hasown: ^2.0.2
    math-intrinsics: ^1.1.0
  checksum: c02b3b6a445f9cd53e14896303794ac60f9751f58a69099127248abdb0251957174c6524245fc68579dc8e6a35161d3d94c93e665f808274716f4248b269436a
  languageName: node
  linkType: hard

"get-proto@npm:^1.0.1":
  version: 1.0.1
  resolution: "get-proto@npm:1.0.1"
  dependencies:
    dunder-proto: ^1.0.1
    es-object-atoms: ^1.0.0
  checksum: 4fc96afdb58ced9a67558698b91433e6b037aaa6f1493af77498d7c85b141382cf223c0e5946f334fb328ee85dfe6edd06d218eaf09556f4bc4ec6005d7f5f7b
  languageName: node
  linkType: hard

"gopd@npm:^1.0.1, gopd@npm:^1.2.0":
  version: 1.2.0
  resolution: "gopd@npm:1.2.0"
  checksum: cc6d8e655e360955bdccaca51a12a474268f95bb793fc3e1f2bdadb075f28bfd1fd988dab872daf77a61d78cbaf13744bc8727a17cfb1d150d76047d805375f3
  languageName: node
  linkType: hard

"has-property-descriptors@npm:^1.0.0, has-property-descriptors@npm:^1.0.2":
  version: 1.0.2
  resolution: "has-property-descriptors@npm:1.0.2"
  dependencies:
    es-define-property: ^1.0.0
  checksum: fcbb246ea2838058be39887935231c6d5788babed499d0e9d0cc5737494c48aba4fe17ba1449e0d0fbbb1e36175442faa37f9c427ae357d6ccb1d895fbcd3de3
  languageName: node
  linkType: hard

"has-symbols@npm:^1.0.3, has-symbols@npm:^1.1.0":
  version: 1.1.0
  resolution: "has-symbols@npm:1.1.0"
  checksum: b2316c7302a0e8ba3aaba215f834e96c22c86f192e7310bdf689dd0e6999510c89b00fbc5742571507cebf25764d68c988b3a0da217369a73596191ac0ce694b
  languageName: node
  linkType: hard

"has-tostringtag@npm:^1.0.2":
  version: 1.0.2
  resolution: "has-tostringtag@npm:1.0.2"
  dependencies:
    has-symbols: ^1.0.3
  checksum: 999d60bb753ad714356b2c6c87b7fb74f32463b8426e159397da4bde5bca7e598ab1073f4d8d4deafac297f2eb311484cd177af242776bf05f0d11565680468d
  languageName: node
  linkType: hard

"hasown@npm:^2.0.2":
  version: 2.0.4
  resolution: "hasown@npm:2.0.4"
  dependencies:
    function-bind: ^1.1.2
  checksum: 4bd8f916b629e06324853593ffbdd45e200022952a85ad0c967f3bd4c2e4c7e1f9a9766fbe6186f60bd394e0afc73e719730caa1da15cd9bd832b7cdf53fd26c
  languageName: node
  linkType: hard

"iconv-lite@npm:^0.6.3":
  version: 0.6.3
  resolution: "iconv-lite@npm:0.6.3"
  dependencies:
    safer-buffer: ">= 2.1.2 < 3.0.0"
  checksum: 3f60d47a5c8fc3313317edfd29a00a692cc87a19cac0159e2ce711d0ebc9019064108323b5e493625e25594f11c6236647d8e256fbe7a58f4a3b33b89e6d30bf
  languageName: node
  linkType: hard

"immediate@npm:~3.0.5":
  version: 3.0.6
  resolution: "immediate@npm:3.0.6"
  checksum: f9b3486477555997657f70318cc8d3416159f208bec4cca3ff3442fd266bc23f50f0c9bd8547e1371a6b5e82b821ec9a7044a4f7b944798b25aa3cc6d5e63e62
  languageName: node
  linkType: hard

"inherits@npm:~2.0.3":
  version: 2.0.4
  resolution: "inherits@npm:2.0.4"
  checksum: 4a48a733847879d6cf6691860a6b1e3f0f4754176e4d71494c41f3475553768b10f84b5ce1d40fbd0e34e6bfbb864ee35858ad4dd2cf31e02fc4a154b724d7f1
  languageName: node
  linkType: hard

"is-arguments@npm:^1.1.1":
  version: 1.2.0
  resolution: "is-arguments@npm:1.2.0"
  dependencies:
    call-bound: ^1.0.2
    has-tostringtag: ^1.0.2
  checksum: aae9307fedfe2e5be14aebd0f48a9eeedf6b8c8f5a0b66257b965146d1e94abdc3f08e3dce3b1d908e1fa23c70039a88810ee1d753905758b9b6eebbab0bafeb
  languageName: node
  linkType: hard

"is-date-object@npm:^1.0.5":
  version: 1.1.0
  resolution: "is-date-object@npm:1.1.0"
  dependencies:
    call-bound: ^1.0.2
    has-tostringtag: ^1.0.2
  checksum: d6c36ab9d20971d65f3fc64cef940d57a4900a2ac85fb488a46d164c2072a33da1cb51eefcc039e3e5c208acbce343d3480b84ab5ff0983f617512da2742562a
  languageName: node
  linkType: hard

"is-regex@npm:^1.1.4":
  version: 1.2.1
  resolution: "is-regex@npm:1.2.1"
  dependencies:
    call-bound: ^1.0.2
    gopd: ^1.2.0
    has-tostringtag: ^1.0.2
    hasown: ^2.0.2
  checksum: 99ee0b6d30ef1bb61fa4b22fae7056c6c9b3c693803c0c284ff7a8570f83075a7d38cda53b06b7996d441215c27895ea5d1af62124562e13d91b3dbec41a5e13
  languageName: node
  linkType: hard

"isarray@npm:~1.0.0":
  version: 1.0.0
  resolution: "isarray@npm:1.0.0"
  checksum: f032df8e02dce8ec565cf2eb605ea939bdccea528dbcf565cdf92bfa2da9110461159d86a537388ef1acef8815a330642d7885b29010e8f7eac967c9993b65ab
  languageName: node
  linkType: hard

"jpeg-exif@npm:^1.1.4":
  version: 1.1.4
  resolution: "jpeg-exif@npm:1.1.4"
  checksum: a8693a7eeb6c6572ca39acc8bbaf4bac1eea1331a26ec7d460410c0c7aefcb944bbc6c31d3c4649a308eea9da89ee4d38e35fe2f2604e4bf2ed09abd600cff0b
  languageName: node
  linkType: hard

"jquery-parallax.js@npm:^1.5.0":
  version: 1.5.0
  resolution: "jquery-parallax.js@npm:1.5.0"
  dependencies:
    jquery: ">=1.7"
  checksum: 254d4f0ae8e2d29c266972a8d3c6071e16ae4ad40c3f268f386a4732721836527f6c76711b97db0197b5532b37ba22e934518c9a213a7b6d7e73050ff8f642c2
  languageName: node
  linkType: hard

"jquery.cookie@npm:^1.4.1":
  version: 1.4.1
  resolution: "jquery.cookie@npm:1.4.1"
  checksum: bcb1335f47ef5c19613b45de7e53a0df90f36b9c23a4cd37ef0d81e4ca7f0da72197ad3c347bc24037f110e9b2e4dbe708b3a3f27046f599e108a2d63859655c
  languageName: node
  linkType: hard

"jquery.counterup@npm:^2.1.0":
  version: 2.1.0
  resolution: "jquery.counterup@npm:2.1.0"
  dependencies:
    jquery: ">=1.5.0"
    waypoints: ">=3.0"
  checksum: 3f6e88fd8f47efe4d6c662cf6aca48fa8ce34037640771e8fd4c6034e682da7031b612446106fc36dd1bbd1fcd7bd1fc53de0d6f20596330750574e9771f86ef
  languageName: node
  linkType: hard

"jquery.scrollto@npm:^2.1.3":
  version: 2.1.3
  resolution: "jquery.scrollto@npm:2.1.3"
  dependencies:
    jquery: ">=1.8"
  checksum: 97810def787bc06f3659363b5ec07e3526c28533e34fdc77f31bdaa2d4c362302cd9734b8f89c6a756efbfc643cbcf21d7145d8bc411e7094d1a2e86f527e734
  languageName: node
  linkType: hard

"jquery@npm:3.6.0":
  version: 3.6.0
  resolution: "jquery@npm:3.6.0"
  checksum: 8fd5fef4aa48fd374ec716dd1c1df1af407814a228e15c1260ca140de3a697c2a77c30c54ff1d238b6a3ab4ddc445ddeef9adce6c6d28e4869d85eb9d3951c0e
  languageName: node
  linkType: hard

"js-cookie@npm:3.0.7":
  version: 3.0.7
  resolution: "js-cookie@npm:3.0.7"
  checksum: 2ce197fa171981af9b2686b49d4f4ed1ebfcec915db9d3ce42933415557726ca87135f6522ed5f5936b0d016e0f7e969344683dcd7f4e67a6fe2af9a976038d9
  languageName: node
  linkType: hard

"jszip@npm:3.8.0":
  version: 3.8.0
  resolution: "jszip@npm:3.8.0"
  dependencies:
    lie: ~3.3.0
    pako: ~1.0.2
    readable-stream: ~2.3.6
    set-immediate-shim: ~1.0.1
  checksum: 219772f0291345ee91464b688869614c7cb936e450e767270799043d92739230bce3c9f70bd4e2bcdbdbf1a177e8a8cde39d6cc25d9300dd4a2e8956b2f3da95
  languageName: node
  linkType: hard

"lie@npm:~3.3.0":
  version: 3.3.0
  resolution: "lie@npm:3.3.0"
  dependencies:
    immediate: ~3.0.5
  checksum: 33102302cf19766f97919a6a98d481e01393288b17a6aa1f030a3542031df42736edde8dab29ffdbf90bebeffc48c761eb1d064dc77592ca3ba3556f9fe6d2a8
  languageName: node
  linkType: hard

"load-awesome@npm:^1.1.0":
  version: 1.1.0
  resolution: "load-awesome@npm:1.1.0"
  checksum: f91ad1b6d83f7df851805e16263dcf4dc1c800c3cc75ce2271f7df10e93b3eb9e6842c34acddb91e9b458a799c4e3d7acc5633547f9e333f527b81cb35e0d4ed
  languageName: node
  linkType: hard

"math-intrinsics@npm:^1.1.0":
  version: 1.1.0
  resolution: "math-intrinsics@npm:1.1.0"
  checksum: 0e513b29d120f478c85a70f49da0b8b19bc638975eca466f2eeae0071f3ad00454c621bf66e16dd435896c208e719fc91ad79bbfba4e400fe0b372e7c1c9c9a2
  languageName: node
  linkType: hard

"object-is@npm:^1.1.5":
  version: 1.1.6
  resolution: "object-is@npm:1.1.6"
  dependencies:
    call-bind: ^1.0.7
    define-properties: ^1.2.1
  checksum: 3ea22759967e6f2380a2cbbd0f737b42dc9ddb2dfefdb159a1b927fea57335e1b058b564bfa94417db8ad58cddab33621a035de6f5e5ad56d89f2dd03e66c6a1
  languageName: node
  linkType: hard

"object-keys@npm:^1.1.1":
  version: 1.1.1
  resolution: "object-keys@npm:1.1.1"
  checksum: b363c5e7644b1e1b04aa507e88dcb8e3a2f52b6ffd0ea801e4c7a62d5aa559affe21c55a07fd4b1fd55fc03a33c610d73426664b20032405d7b92a1414c34d6a
  languageName: node
  linkType: hard

"owl.carousel2.thumbs@npm:^0.1.8":
  version: 0.1.8
  resolution: "owl.carousel2.thumbs@npm:0.1.8"
  checksum: e385bffa813fd5c97ffa2f19ef76e4fce5e2adac78ed9e247e367b0164c8ae60e8813132c34fbb9ef7356ca3c31556522a510ecd47336717611865a059cde63a
  languageName: node
  linkType: hard

"owl.carousel@npm:^2.3.4":
  version: 2.3.4
  resolution: "owl.carousel@npm:2.3.4"
  dependencies:
    jquery: ">=1.8.3"
  checksum: fb28a3373c273d7210bf97739bcb35bfd552afa4e2541d4fc66f19cf1d253136cda927c60162a961902a72bd31dccc6c18084fc9a676d210356bb15677d6d571
  languageName: node
  linkType: hard

"pako@npm:^0.2.5":
  version: 0.2.9
  resolution: "pako@npm:0.2.9"
  checksum: 055f9487cd57fbb78df84315873bbdd089ba286f3499daed47d2effdc6253e981f5db6898c23486de76d4a781559f890d643bd3a49f70f1b4a18019c98aa5125
  languageName: node
  linkType: hard

"pako@npm:~1.0.2, pako@npm:~1.0.5":
  version: 1.0.11
  resolution: "pako@npm:1.0.11"
  checksum: 1be2bfa1f807608c7538afa15d6f25baa523c30ec870a3228a89579e474a4d992f4293859524e46d5d87fd30fa17c5edf34dbef0671251d9749820b488660b16
  languageName: node
  linkType: hard

"parsleyjs@npm:^2.9.2":
  version: 2.9.2
  resolution: "parsleyjs@npm:2.9.2"
  dependencies:
    jquery: ">=1.8.0"
  checksum: 259eab31084f4a294acda2690901bcf0aa5b4ecd6c0211fdf7116914d7888faec5cbd04c3bc59a36e2128bbd7b3bdf8b00820a5f7886614fad4e49997afb8d27
  languageName: node
  linkType: hard

"pdfmake@npm:0.2.20":
  version: 0.2.20
  resolution: "pdfmake@npm:0.2.20"
  dependencies:
    "@foliojs-fork/linebreak": ^1.1.2
    "@foliojs-fork/pdfkit": ^0.15.3
    iconv-lite: ^0.6.3
    xmldoc: ^2.0.1
  checksum: f1f82c7d323dedc80740b16ef4a080e0d3c2654cc7f44b642ea8cfcdf52cc84d7e111eb4e93a3eef57a1d788832537491ad528b065cf061dbfa13bb847c36124
  languageName: node
  linkType: hard

"png-js@npm:^1.0.0":
  version: 1.1.0
  resolution: "png-js@npm:1.1.0"
  dependencies:
    browserify-zlib: ^0.2.0
  checksum: cfa772cf1d24ba066fa59e056076cf3dccbda34e93647efdc5e3e135789766e176687cc21e6c2abe1aa88b5e2a899f306d3a0b1134191246b039d98580979b63
  languageName: node
  linkType: hard

"popper.js@npm:^1.16.1":
  version: 1.16.1
  resolution: "popper.js@npm:1.16.1"
  checksum: c56ae5001ec50a77ee297a8061a0221d99d25c7348d2e6bcd3e45a0d0f32a1fd81bca29d46cb0d4bdf13efb77685bd6a0ce93f9eb3c608311a461f945fffedbe
  languageName: node
  linkType: hard

"process-nextick-args@npm:~2.0.0":
  version: 2.0.1
  resolution: "process-nextick-args@npm:2.0.1"
  checksum: 1d38588e520dab7cea67cbbe2efdd86a10cc7a074c09657635e34f035277b59fbb57d09d8638346bf7090f8e8ebc070c96fa5fd183b777fff4f5edff5e9466cf
  languageName: node
  linkType: hard

"readable-stream@npm:~2.3.6":
  version: 2.3.8
  resolution: "readable-stream@npm:2.3.8"
  dependencies:
    core-util-is: ~1.0.0
    inherits: ~2.0.3
    isarray: ~1.0.0
    process-nextick-args: ~2.0.0
    safe-buffer: ~5.1.1
    string_decoder: ~1.1.1
    util-deprecate: ~1.0.1
  checksum: 65645467038704f0c8aaf026a72fbb588a9e2ef7a75cd57a01702ee9db1c4a1e4b03aaad36861a6a0926546a74d174149c8c207527963e0c2d3eee2f37678a42
  languageName: node
  linkType: hard

"regexp.prototype.flags@npm:^1.5.1":
  version: 1.5.4
  resolution: "regexp.prototype.flags@npm:1.5.4"
  dependencies:
    call-bind: ^1.0.8
    define-properties: ^1.2.1
    es-errors: ^1.3.0
    get-proto: ^1.0.1
    gopd: ^1.2.0
    set-function-name: ^2.0.2
  checksum: 18cb667e56cb328d2dda569d7f04e3ea78f2683135b866d606538cf7b1d4271f7f749f09608c877527799e6cf350e531368f3c7a20ccd1bb41048a48926bdeeb
  languageName: node
  linkType: hard

"safe-buffer@npm:~5.1.0, safe-buffer@npm:~5.1.1":
  version: 5.1.2
  resolution: "safe-buffer@npm:5.1.2"
  checksum: f2f1f7943ca44a594893a852894055cf619c1fbcb611237fc39e461ae751187e7baf4dc391a72125e0ac4fb2d8c5c0b3c71529622e6a58f46b960211e704903c
  languageName: node
  linkType: hard

"safer-buffer@npm:>= 2.1.2 < 3.0.0":
  version: 2.1.2
  resolution: "safer-buffer@npm:2.1.2"
  checksum: cab8f25ae6f1434abee8d80023d7e72b598cf1327164ddab31003c51215526801e40b66c5e65d658a0af1e9d6478cadcb4c745f4bd6751f97d8644786c0978b0
  languageName: node
  linkType: hard

"sax@npm:^1.4.3":
  version: 1.6.1
  resolution: "sax@npm:1.6.1"
  checksum: be78ded08c77db1644a8d32c93266615f51b925c8b6b6f3f689aed10eae57f307f8fbd7bcbf502041903edcfec17ea7d07c7bb4960e076faa92fc6773b621f2a
  languageName: node
  linkType: hard

"set-function-length@npm:^1.2.2":
  version: 1.2.2
  resolution: "set-function-length@npm:1.2.2"
  dependencies:
    define-data-property: ^1.1.4
    es-errors: ^1.3.0
    function-bind: ^1.1.2
    get-intrinsic: ^1.2.4
    gopd: ^1.0.1
    has-property-descriptors: ^1.0.2
  checksum: a8248bdacdf84cb0fab4637774d9fb3c7a8e6089866d04c817583ff48e14149c87044ce683d7f50759a8c50fb87c7a7e173535b06169c87ef76f5fb276dfff72
  languageName: node
  linkType: hard

"set-function-name@npm:^2.0.2":
  version: 2.0.2
  resolution: "set-function-name@npm:2.0.2"
  dependencies:
    define-data-property: ^1.1.4
    es-errors: ^1.3.0
    functions-have-names: ^1.2.3
    has-property-descriptors: ^1.0.2
  checksum: d6229a71527fd0404399fc6227e0ff0652800362510822a291925c9d7b48a1ca1a468b11b281471c34cd5a2da0db4f5d7ff315a61d26655e77f6e971e6d0c80f
  languageName: node
  linkType: hard

"set-immediate-shim@npm:~1.0.1":
  version: 1.0.1
  resolution: "set-immediate-shim@npm:1.0.1"
  checksum: 5085c84039d1e5eee73d2bf48ce765fcec76159021d0cc7b40e23bcdf62cb6d450ffb781e3c62c1118425242c48eae96df712cba0a20a437e86b0d4a15d51a11
  languageName: node
  linkType: hard

"string_decoder@npm:~1.1.1":
  version: 1.1.1
  resolution: "string_decoder@npm:1.1.1"
  dependencies:
    safe-buffer: ~5.1.0
  checksum: 9ab7e56f9d60a28f2be697419917c50cac19f3e8e6c28ef26ed5f4852289fe0de5d6997d29becf59028556f2c62983790c1d9ba1e2a3cc401768ca12d5183a5b
  languageName: node
  linkType: hard

"tiny-inflate@npm:^1.0.0, tiny-inflate@npm:^1.0.2":
  version: 1.0.3
  resolution: "tiny-inflate@npm:1.0.3"
  checksum: 4086a1f8938dafa4a20c63b099aeb47bf8fef5aca991bf4ea4b35dd2684fa52363b2c19b3e76660311e7613cb7c4f063bc48751b9bdf9555e498d997c30bc2d6
  languageName: node
  linkType: hard

"typeface-roboto@npm:0.0.75":
  version: 0.0.75
  resolution: "typeface-roboto@npm:0.0.75"
  checksum: 2cb0fc61149b1976ca858022be857281d41e68c415a438b5e4671e2a22cb36b05a1a0e5347a57b4797b49d7a190e0939185b1d6b57a8b543def3da93cb961703
  languageName: node
  linkType: hard

"unicode-properties@npm:^1.2.2":
  version: 1.4.1
  resolution: "unicode-properties@npm:1.4.1"
  dependencies:
    base64-js: ^1.3.0
    unicode-trie: ^2.0.0
  checksum: 337fba8a3c4707692d662fafbea60718ca9d8dfd2147cb2642bc4a1b5ad11136d848fa9c92818a35f59e6c866674ec7fd140e3e25412aea8fb8817f1b32fc3fe
  languageName: node
  linkType: hard

"unicode-trie@npm:^2.0.0":
  version: 2.0.0
  resolution: "unicode-trie@npm:2.0.0"
  dependencies:
    pako: ^0.2.5
    tiny-inflate: ^1.0.0
  checksum: 19e637ce20953ec1fbfa9087abef4746a50352679b833be27924e4ba7ad753cc4073b74263747ccfccb5e38b30b17468cbb96f361eb49903ff8602396280b5a4
  languageName: node
  linkType: hard

"util-deprecate@npm:~1.0.1":
  version: 1.0.2
  resolution: "util-deprecate@npm:1.0.2"
  checksum: 474acf1146cb2701fe3b074892217553dfcf9a031280919ba1b8d651a068c9b15d863b7303cb15bd00a862b498e6cf4ad7b4a08fb134edd5a6f7641681cb54a2
  languageName: node
  linkType: hard

"waypoints@npm:>=3.0, waypoints@npm:^4.0.1":
  version: 4.0.1
  resolution: "waypoints@npm:4.0.1"
  checksum: 0549b20be80202fbe8d1a5a736c1ee978aa48b56ba46b2e8e4a93fe4b4e2098b1fbbf8411f93965a415ed95294130fa4b3491f93e4d92c8af3ab377fff993788
  languageName: node
  linkType: hard

"wowjs@npm:^1.1.3":
  version: 1.1.3
  resolution: "wowjs@npm:1.1.3"
  dependencies:
    animate.css: latest
  checksum: 1425b9f7373300491545f962654c06891b7233b67a7ea723944a53d3d3dc9734dc3c63620b6cc089e1d46d5540d3c6a1ab3603ba541e353fe404b917311dd82a
  languageName: node
  linkType: hard

"xmldoc@npm:^2.0.1":
  version: 2.0.3
  resolution: "xmldoc@npm:2.0.3"
  dependencies:
    sax: ^1.4.3
  checksum: ec18790717b6eeba3dc5f16f20d09d264292bdca3a9b58b656d2800c8a1c8f59971f7a5919dc7008a05f8c0471eed8de1b87ccde144265dfd7ec77c01c3815ed
  languageName: node
  linkType: hard
